<?xml version="1.0" encoding="utf-8"?>
<Project ToolsVersion="4.0" xmlns="http://schemas.microsoft.com/developer/msbuild/2003">
  <ItemGroup>
    <Filter Include="Source Files">
      <UniqueIdentifier>{48b06884-e2f7-474a-a9fa-c5e0cd6ff206}</UniqueIdentifier>
      <Extensions>cpp;c;cxx;rc;def;r;odl;idl;hpj;bat</Extensions>
    </Filter>
    <Filter Include="Header Files">
      <UniqueIdentifier>{81fc5a3c-e9c0-4193-86da-43aafa0acf70}</UniqueIdentifier>
      <Extensions>h;hpp;hxx;hm;inl</Extensions>
    </Filter>
    <Filter Include="fltkdock">
      <UniqueIdentifier>{d8d7388f-1428-422f-a23e-82130d211e72}</UniqueIdentifier>
    </Filter>
  </ItemGroup>
  <ItemGroup>
    <ClCompile Include="..\src\BarHolder.cxx">
      <Filter>Source Files</Filter>
    </ClCompile>
    <ClCompile Include="..\src\DockBase.cxx">
      <Filter>Source Files</Filter>
    </ClCompile>
    <ClCompile Include="..\src\DockHolder.cxx">
      <Filter>Source Files</Filter>
    </ClCompile>
    <ClCompile Include="..\src\DockStatus.cxx">
      <Filter>Source Files</Filter>
    </ClCompile>
    <ClCompile Include="..\src\DockWindow.cxx">
      <Filter>Source Files</Filter>
    </ClCompile>
    <ClCompile Include="..\src\GripperBar.cxx">
      <Filter>Source Files</Filter>
    </ClCompile>
    <ClCompile Include="..\src\PlainHolder.cxx">
      <Filter>Source Files</Filter>
    </ClCompile>
    <ClCompile Include="..\src\Preview.cxx">
      <Filter>Source Files</Filter>
    </ClCompile>
    <ClCompile Include="..\src\RegionHolder.cxx">
      <Filter>Source Files</Filter>
    </ClCompile>
    <ClCompile Include="..\src\Resizer.cxx">
      <Filter>Source Files</Filter>
    </ClCompile>
    <ClCompile Include="..\src\SubBlock.cxx">
      <Filter>Source Files</Filter>
    </ClCompile>
    <ClCompile Include="..\src\ThinWindow.cxx">
      <Filter>Source Files</Filter>
    </ClCompile>
    <ClCompile Include="..\src\ToolBar.cxx">
      <Filter>Source Files</Filter>
    </ClCompile>
    <ClCompile Include="..\src\ToolWindow.cxx">
      <Filter>Source Files</Filter>
    </ClCompile>
    <ClCompile Include="..\src\WindowHolder.cxx">
      <Filter>Source Files</Filter>
    </ClCompile>
  </ItemGroup>
  <ItemGroup>
    <ClInclude Include="..\fltk\BarHolder.h">
      <Filter>Header Files</Filter>
    </ClInclude>
    <ClInclude Include="..\fltk\DockFlags.h">
      <Filter>Header Files</Filter>
    </ClInclude>
    <ClInclude Include="..\fltk\DockHolder.h">
      <Filter>Header Files</Filter>
    </ClInclude>
    <ClInclude Include="..\fltk\DockWindow.h">
      <Filter>Header Files</Filter>
    </ClInclude>
    <ClInclude Include="..\fltk\GripperBar.h">
      <Filter>Header Files</Filter>
    </ClInclude>
    <ClInclude Include="..\fltk\RegionHolder.h">
      <Filter>Header Files</Filter>
    </ClInclude>
    <ClInclude Include="..\fltk\ToolBar.h">
      <Filter>Header Files</Filter>
    </ClInclude>
    <ClInclude Include="..\fltk\ToolDivider.h">
      <Filter>Header Files</Filter>
    </ClInclude>
    <ClInclude Include="..\fltk\ToolWindow.h">
      <Filter>Header Files</Filter>
    </ClInclude>
    <ClInclude Include="..\fltk\WindowHolder.h">
      <Filter>Header Files</Filter>
    </ClInclude>
    <ClInclude Include="..\fltk\fltkdock\DockStatus.h">
      <Filter>fltkdock</Filter>
    </ClInclude>
    <ClInclude Include="..\fltk\fltkdock\PlainHolder.h">
      <Filter>fltkdock</Filter>
    </ClInclude>
    <ClInclude Include="..\fltk\fltkdock\Utility.h">
      <Filter>fltkdock</Filter>
    </ClInclude>
    <ClInclude Include="..\fltk\fltkdock\DockBase.h">
      <Filter>fltkdock</Filter>
    </ClInclude>
  </ItemGroup>
</Project>